{
    "_meta": {
        "hash": {
            "sha256": "c4b1d9edc0711f1ee0fa96150800caeb9c9feb1c920c01e0afb2ad00491ac571"
        },
        "pipfile-spec": 6,
        "requires": {
            "python_version": "3.7"
        },
        "sources": [
            {
                "name": "pypi",
                "url": "https://pypi.org/simple",
                "verify_ssl": true
            }
        ]
    },
    "default": {
        "certifi": {
            "hashes": [
                "sha256:13e698f54293db9f89122b0581843a782ad0934a4fe0172d2a980ba77fc61bb7",
                "sha256:9fa520c1bacfb634fa7af20a76bcbd3d5fb390481724c597da32c719a7dca4b0"
            ],
            "version": "==2018.4.16"
        },
        "chardet": {
            "hashes": [
                "sha256:84ab92ed1c4d4f16916e05906b6b75a6c0fb5db821cc65e70cbd64a3e2a5eaae",
                "sha256:fc323ffcaeaed0e0a02bf4d117757b98aed530d9ed4531e3e15460124c106691"
            ],
            "version": "==3.0.4"
        },
        "django": {
            "hashes": [
                "sha256:0120b3b60760fb0617848b58aaa9702c0bf963320ed472f0879c5c55ab75b64a",
                "sha256:b6f3b864944276b4fd1d099952112696558f78b77b39188ac92b6c5e80152c30"
            ],
            "index": "pypi",
            "version": "==1.11"
        },
        "django-embed-video": {
            "hashes": [
                "sha256:06d4cf1132adbed1fef08cd7c3f9a075dd8b8ec7fac5f0e3d7b257f60e792958",
                "sha256:52c6a8e451944db5d123cc57989f47b4aea7ab9f3635f4b7c88b57101d537c40"
            ],
            "index": "pypi",
            "version": "==1.0.0"
        },
        "idna": {
            "hashes": [
                "sha256:156a6814fb5ac1fc6850fb002e0852d56c0c8d2531923a51032d1b70760e186e",
                "sha256:684a38a6f903c1d71d6d5fac066b58d7768af4de2b832e426ec79c30daa94a16"
            ],
            "version": "==2.7"
        },
        "pillow": {
            "hashes": [
                "sha256:013f82502028616e0ebfcba31d6e2b76d9a3ea5676c59d6744c5c5232a09fcf1",
                "sha256:05b4802d2f4146a9209dbe41c8ce1a00be3727a26656f48ad5b804281606a56a",
                "sha256:0f179d7e75e7c83b6341b9595ca1f394de7081484a9e352ad66d553a1c3daa29",
                "sha256:1ad2e1c85465db6be204abb4e168575f7ff3d83e31a2834739d44cd26834cea2",
                "sha256:1b28508ad43a582ba81144578ca602031f668b01d7ff4ced0f4c93b2223bdb0c",
                "sha256:3165d5274c037f8cecef80742758a9acfe6830ea90545434ee5b65a4d307237a",
                "sha256:43c400b3b539e4cdec0fc277e2a2f37efef31041295cfbd28c7187506823305c",
                "sha256:4e7fe38e47c1aa4e34a7151cf2ee97d0753dca671d30fd83925d9f489b1efedc",
                "sha256:50adb3820f6386536333f2149b49e4092d275267c0a2b8197161556da30af138",
                "sha256:5720351c035e0d0b30937b7f46acb7479c7fb63bf103a73cd053b3339af8fc00",
                "sha256:57716fe770005a98792de80b0e47efc70a889e6c828dd8d120839c270fe10f4b",
                "sha256:6ac79569461a7ab0e0ff253d2241c550bffb74d42d5e103e992e6922d7bc62bf",
                "sha256:6ccdb949c59174d5f7f0309f83adc437df7a744e55adbd71990c338e57f8447c",
                "sha256:6e23df2ec9dcc26b2d23d73806cff13f9586a56c4319262634a5208d390b2fe1",
                "sha256:711a7e54ee51f62367a1373a4de9b8e68e3f1b0f3cf0fa1f3bb4eab0777921c8",
                "sha256:7285180ee2fc1b2cbe751d767a83bd19a3ceaf2262f1f547085e31f22369ef35",
                "sha256:749ba7d4efa762f0b519139d6ebdeee50ef05a54dfd1ae1b529546f14ae0c972",
                "sha256:766c01fc8e49c1d5e1419b130c54d4d959da62e32fa381f62a02a9fdb5108481",
                "sha256:7bc1d8d0cbb4c758ec138ccf7443e11d8bd49a86b58adc291c801e6c818c46a0",
                "sha256:7ccdad8db00a0e6a6ad420ba67ca16c976b8217a4179eb3bc5fa57f933665973",
                "sha256:844381bbe2ef995e232502a910abb5c858c63e5ce3e944e351080d8592a083ba",
                "sha256:8475d8697d76b7925caf430d34cb874dbff737ff3d52cdca8d11513505fee866",
                "sha256:99b03b44d808a1f0be6f807b301c124bf5d9cce090f18ed32c2c88e30bd9c714",
                "sha256:9d0fc0b2a86fadba3abd0776c4fae37617e0aeaf481cb2f23f0e66ef015e6285",
                "sha256:aefb41723eac1b74581b858d9cfc2587858233ee6c95e0178a1c691f046f7aa6",
                "sha256:b2a9da24c5c5023616ef04ae3775d46963571316020114d8da4aa313af54d009",
                "sha256:b9896697e1f02d30dedfbfce93aaedcecf9c52f2d19bba73a857fe6a6c1a57a5",
                "sha256:c0ee867491e8a65b0c269e4037411c48ab5e24cedccae76ce3c2767a583b1fb4",
                "sha256:ca61822a9be2734d7c59ddc977b542887e7fafc75da716ae9347c6a9fb075a38",
                "sha256:d1db8dfed77547076037d589b598e04f2cbc1a7835d3d3f137bf20c8994854d5",
                "sha256:d6037a18d74891b7b5c6f951df250712e327818288011496573c7050c3f6aa1c",
                "sha256:e1449ece0aabab08cc667e5ff04fa7a577fa5f48f1ece4fc37b4e704d64cc115",
                "sha256:ec163b7277c1c9ec6365c839c85c46cb01d1bb66137231ec5b97b34bb794b486",
                "sha256:f79b9c5197378071357213834dcb967053898fcb52842713b0ece6fdb4858680",
                "sha256:f9f047405e83eef06ad16f78da81e45d5ea97da8d46877acdc4428619aff5f99",
                "sha256:ff9c71f98cb9dfdc8c8878685f25cd8094fae3a286802510de7f47f89336e1e2"
            ],
            "index": "pypi",
            "version": "==2.9.0"
        },
        "pytz": {
            "hashes": [
                "sha256:a061aa0a9e06881eb8b3b2b43f05b9439d6583c206d0a6c340ff72a7b6669053",
                "sha256:ffb9ef1de172603304d9d2819af6f5ece76f2e85ec10692a524dd876e72bf277"
            ],
            "version": "==2018.5"
        },
        "requests": {
            "hashes": [
                "sha256:63b52e3c866428a224f97cab011de738c36aec0185aa91cfacd418b5d58911d1",
                "sha256:ec22d826a36ed72a7358ff3fe56cbd4ba69dd7a6718ffd450ff0e9df7a47ce6a"
            ],
            "version": "==2.19.1"
        },
        "urllib3": {
            "hashes": [
                "sha256:a68ac5e15e76e7e5dd2b8f94007233e01effe3e50e8daddf69acfd81cb686baf",
                "sha256:b5725a0bd4ba422ab0e66e89e030c806576753ea3ee08554382c14e685d117b5"
            ],
            "version": "==1.23"
        }
    },
    "develop": {
        "atomicwrites": {
            "hashes": [
                "sha256:240831ea22da9ab882b551b31d4225591e5e447a68c5e188db5b89ca1d487585",
                "sha256:a24da68318b08ac9c9c45029f4a10371ab5b20e4226738e150e6e7c571630ae6"
            ],
            "version": "==1.1.5"
        },
        "attrs": {
            "hashes": [
                "sha256:4b90b09eeeb9b88c35bc642cbac057e45a5fd85367b985bd2809c62b7b939265",
                "sha256:e0d0eb91441a3b53dab4d9b743eafc1ac44476296a2053b6ca3af0b139faf87b"
            ],
            "version": "==18.1.0"
        },
        "coverage": {
            "hashes": [
                "sha256:03481e81d558d30d230bc12999e3edffe392d244349a90f4ef9b88425fac74ba",
                "sha256:0b136648de27201056c1869a6c0d4e23f464750fd9a9ba9750b8336a244429ed",
                "sha256:104ab3934abaf5be871a583541e8829d6c19ce7bde2923b2751e0d3ca44db60a",
                "sha256:15b111b6a0f46ee1a485414a52a7ad1d703bdf984e9ed3c288a4414d3871dcbd",
                "sha256:198626739a79b09fa0a2f06e083ffd12eb55449b5f8bfdbeed1df4910b2ca640",
                "sha256:1c383d2ef13ade2acc636556fd544dba6e14fa30755f26812f54300e401f98f2",
                "sha256:28b2191e7283f4f3568962e373b47ef7f0392993bb6660d079c62bd50fe9d162",
                "sha256:2eb564bbf7816a9d68dd3369a510be3327f1c618d2357fa6b1216994c2e3d508",
                "sha256:337ded681dd2ef9ca04ef5d93cfc87e52e09db2594c296b4a0a3662cb1b41249",
                "sha256:3a2184c6d797a125dca8367878d3b9a178b6fdd05fdc2d35d758c3006a1cd694",
                "sha256:3c79a6f7b95751cdebcd9037e4d06f8d5a9b60e4ed0cd231342aa8ad7124882a",
                "sha256:3d72c20bd105022d29b14a7d628462ebdc61de2f303322c0212a054352f3b287",
                "sha256:3eb42bf89a6be7deb64116dd1cc4b08171734d721e7a7e57ad64cc4ef29ed2f1",
                "sha256:4635a184d0bbe537aa185a34193898eee409332a8ccb27eea36f262566585000",
                "sha256:56e448f051a201c5ebbaa86a5efd0ca90d327204d8b059ab25ad0f35fbfd79f1",
                "sha256:5a13ea7911ff5e1796b6d5e4fbbf6952381a611209b736d48e675c2756f3f74e",
                "sha256:69bf008a06b76619d3c3f3b1983f5145c75a305a0fea513aca094cae5c40a8f5",
                "sha256:6bc583dc18d5979dc0f6cec26a8603129de0304d5ae1f17e57a12834e7235062",
                "sha256:701cd6093d63e6b8ad7009d8a92425428bc4d6e7ab8d75efbb665c806c1d79ba",
                "sha256:7608a3dd5d73cb06c531b8925e0ef8d3de31fed2544a7de6c63960a1e73ea4bc",
                "sha256:76ecd006d1d8f739430ec50cc872889af1f9c1b6b8f48e29941814b09b0fd3cc",
                "sha256:7aa36d2b844a3e4a4b356708d79fd2c260281a7390d678a10b91ca595ddc9e99",
                "sha256:7d3f553904b0c5c016d1dad058a7554c7ac4c91a789fca496e7d8347ad040653",
                "sha256:7e1fe19bd6dce69d9fd159d8e4a80a8f52101380d5d3a4d374b6d3eae0e5de9c",
                "sha256:8c3cb8c35ec4d9506979b4cf90ee9918bc2e49f84189d9bf5c36c0c1119c6558",
                "sha256:9d6dd10d49e01571bf6e147d3b505141ffc093a06756c60b053a859cb2128b1f",
                "sha256:9e112fcbe0148a6fa4f0a02e8d58e94470fc6cb82a5481618fea901699bf34c4",
                "sha256:ac4fef68da01116a5c117eba4dd46f2e06847a497de5ed1d64bb99a5fda1ef91",
                "sha256:b8815995e050764c8610dbc82641807d196927c3dbed207f0a079833ffcf588d",
                "sha256:be6cfcd8053d13f5f5eeb284aa8a814220c3da1b0078fa859011c7fffd86dab9",
                "sha256:c1bb572fab8208c400adaf06a8133ac0712179a334c09224fb11393e920abcdd",
                "sha256:de4418dadaa1c01d497e539210cb6baa015965526ff5afc078c57ca69160108d",
                "sha256:e05cb4d9aad6233d67e0541caa7e511fa4047ed7750ec2510d466e806e0255d6",
                "sha256:e4d96c07229f58cb686120f168276e434660e4358cc9cf3b0464210b04913e77",
                "sha256:f3f501f345f24383c0000395b26b726e46758b71393267aeae0bd36f8b3ade80",
                "sha256:f8a923a85cb099422ad5a2e345fe877bbc89a8a8b23235824a93488150e45f6e"
            ],
            "version": "==4.5.1"
        },
        "django": {
            "hashes": [
                "sha256:0120b3b60760fb0617848b58aaa9702c0bf963320ed472f0879c5c55ab75b64a",
                "sha256:b6f3b864944276b4fd1d099952112696558f78b77b39188ac92b6c5e80152c30"
            ],
            "index": "pypi",
            "version": "==1.11"
        },
        "djet": {
            "hashes": [
                "sha256:61563cef69b3a432e2b77cb098af431b036b8cc5b7d2e0b1db8796f34361e921"
            ],
            "index": "pypi",
            "version": "==0.0.10"
        },
        "factory-boy": {
            "hashes": [
                "sha256:102c8141511443df01d354610d3b268924100654316709b43ac04648b50bf703",
                "sha256:cd8306e64c3a115deca136685e945db88ffe171382012ec938ed241a20dd7eba"
            ],
            "index": "pypi",
            "version": "==2.5.2"
        },
        "more-itertools": {
            "hashes": [
                "sha256:2b6b9893337bfd9166bee6a62c2b0c9fe7735dcf85948b387ec8cba30e85d8e8",
                "sha256:6703844a52d3588f951883005efcf555e49566a48afd4db4e965d69b883980d3",
                "sha256:a18d870ef2ffca2b8463c0070ad17b5978056f403fb64e3f15fe62a52db21cc0"
            ],
            "version": "==4.2.0"
        },
        "pluggy": {
            "hashes": [
                "sha256:7f8ae7f5bdf75671a718d2daf0a64b7885f74510bcd98b1a0bb420eb9a9d0cff",
                "sha256:d345c8fe681115900d6da8d048ba67c25df42973bda370783cd58826442dcd7c",
                "sha256:e160a7fcf25762bb60efc7e171d4497ff1d8d2d75a3d0df7a21b76821ecbf5c5"
            ],
            "version": "==0.6.0"
        },
        "py": {
            "hashes": [
                "sha256:3fd59af7435864e1a243790d322d763925431213b6b8529c6ca71081ace3bbf7",
                "sha256:e31fb2767eb657cbde86c454f02e99cb846d3cd9d61b318525140214fdc0e98e"
            ],
            "version": "==1.5.4"
        },
        "pytest": {
            "hashes": [
                "sha256:39555d023af3200d004d09e51b4dd9fdd828baa863cded3fd6ba2f29f757ae2d",
                "sha256:c76e93f3145a44812955e8d46cdd302d8a45fbfc7bf22be24fe231f9d8d8853a"
            ],
            "index": "pypi",
            "version": "==3.6.0"
        },
        "pytest-cov": {
            "hashes": [
                "sha256:03aa752cf11db41d281ea1d807d954c4eda35cfa1b21d6971966cc041bbf6e2d",
                "sha256:890fe5565400902b0c78b5357004aab1c814115894f4f21370e2433256a3eeec"
            ],
            "index": "pypi",
            "version": "==2.5.1"
        },
        "pytest-django": {
            "hashes": [
                "sha256:534505e0261cc566279032d9d887f844235342806fd63a6925689670fa1b29d7",
                "sha256:7501942093db2250a32a4e36826edfc542347bb9b26c78ed0649cdcfd49e5789"
            ],
            "index": "pypi",
            "version": "==3.2.1"
        },
        "pytz": {
            "hashes": [
                "sha256:a061aa0a9e06881eb8b3b2b43f05b9439d6583c206d0a6c340ff72a7b6669053",
                "sha256:ffb9ef1de172603304d9d2819af6f5ece76f2e85ec10692a524dd876e72bf277"
            ],
            "version": "==2018.5"
        },
        "six": {
            "hashes": [
                "sha256:70e8a77beed4562e7f14fe23a786b54f6296e34344c23bc42f07b15018ff98e9",
                "sha256:832dc0e10feb1aa2c68dcc57dbb658f1c7e65b9b61af69048abc87a2db00a0eb"
            ],
            "version": "==1.11.0"
        }
    }
}
